{
    "_readme": [
        "This file locks the dependencies of your project to a known state",
        "Read more about it at https://getcomposer.org/doc/01-basic-usage.md#installing-dependencies",
        "This file is @generated automatically"
    ],
    "content-hash": "0f4919b98b2bf0a977bac40e816176bd",
    "packages": [
        {
            "name": "automattic/wp-feature-api",
            "version": "0.1.8",
            "source": {
                "type": "git",
                "url": "https://github.com/Automattic/wp-feature-api.git",
                "reference": "184dbd8a9d4b7076abcaa9d5f211b3a60b2442f6"
            },
            "dist": {
                "type": "zip",
                "url": "https://api.github.com/repos/Automattic/wp-feature-api/zipball/184dbd8a9d4b7076abcaa9d5f211b3a60b2442f6",
                "reference": "184dbd8a9d4b7076abcaa9d5f211b3a60b2442f6",
                "shasum": ""
            },
            "require": {
                "ext-hash": "*",
                "ext-json": "*",
                "php": ">=7.2.24"
            },
            "require-dev": {
                "composer/ca-bundle": "1.5.6",
                "phpcompatibility/phpcompatibility-wp": "~2.1.3",
                "squizlabs/php_codesniffer": "3.10.3",
                "wp-coding-standards/wpcs": "~3.1.0",
                "yoast/phpunit-polyfills": "^1.1.0"
            },
            "suggest": {
                "ext-dom": "*"
            },
            "type": "library",
            "autoload": {
                "classmap": [
                    "includes/"
                ]
            },
            "notification-url": "https://packagist.org/downloads/",
            "license": [
                "GPL-2.0-or-later"
            ],
            "authors": [
                {
                    "name": "Automattic",
                    "homepage": "https://automattic.ai/"
                }
            ],
            "description": "A system for exposing WordPress functionality in a standardized, discoverable way for both server and client-side use",
            "keywords": [
                "ai",
                "api",
                "features",
                "llm",
                "wordpress"
            ],
            "support": {
                "issues": "https://github.com/Automattic/wp-feature-api/issues",
                "source": "https://github.com/Automattic/wp-feature-api/tree/0.1.8"
            },
            "time": "2025-08-04T09:08:57+00:00"
        }
    ],
    "packages-dev": [],
    "aliases": [],
    "minimum-stability": "stable",
    "stability-flags": {},
    "prefer-stable": false,
    "prefer-lowest": false,
    "platform": {},
    "platform-dev": {},
    "plugin-api-version": "2.6.0"
}
